// !$*UTF8*$!
{
	archiveVersion = 1;
	classes = {
	};
	objectVersion = 48;
	objects = {

/* Begin PBXBuildFile section */
		9E63A1D03C9185579D4B2A74 /* Pods_CloudMusic.framework in Frameworks */ = {isa = PBXBuildFile; fileRef = 9623AA54B11ED042EDE062B9 /* Pods_CloudMusic.framework */; };
		DB89E38D204CEF9100E5EF57 /* AppDelegate.swift in Sources */ = {isa = PBXBuildFile; fileRef = DB89E38C204CEF9100E5EF57 /* AppDelegate.swift */; };
		DB89E395204CEF9100E5EF57 /* CloudMusic.xcdatamodeld in Sources */ = {isa = PBXBuildFile; fileRef = DB89E393204CEF9100E5EF57 /* CloudMusic.xcdatamodeld */; };
		DB89E397204CEF9100E5EF57 /* Assets.xcassets in Resources */ = {isa = PBXBuildFile; fileRef = DB89E396204CEF9100E5EF57 /* Assets.xcassets */; };
		DB89E3A5204CEF9100E5EF57 /* CloudMusicTests.swift in Sources */ = {isa = PBXBuildFile; fileRef = DB89E3A4204CEF9100E5EF57 /* CloudMusicTests.swift */; };
		DB89E3B0204CEF9100E5EF57 /* CloudMusicUITests.swift in Sources */ = {isa = PBXBuildFile; fileRef = DB89E3AF204CEF9100E5EF57 /* CloudMusicUITests.swift */; };
		DBD05F7F204F8BA900D1911D /* Config.swift in Sources */ = {isa = PBXBuildFile; fileRef = DBD05F7E204F8BA900D1911D /* Config.swift */; };
		DBD05F82204FB72200D1911D /* CMExtension.swift in Sources */ = {isa = PBXBuildFile; fileRef = DBD05F81204FB72200D1911D /* CMExtension.swift */; };
		DBE3A0B4204E8945000D454B /* CMBaseNavigationController.swift in Sources */ = {isa = PBXBuildFile; fileRef = DBE3A0B3204E8945000D454B /* CMBaseNavigationController.swift */; };
		DBE3A0CA204E8B88000D454B /* CMBaseVC.swift in Sources */ = {isa = PBXBuildFile; fileRef = DBE3A0C9204E8B88000D454B /* CMBaseVC.swift */; };
		DBE3A0CC204E8BC3000D454B /* CMFindMusicVC.swift in Sources */ = {isa = PBXBuildFile; fileRef = DBE3A0CB204E8BC3000D454B /* CMFindMusicVC.swift */; };
		DBE3A0CE204E8C02000D454B /* CMMyMusicVC.swift in Sources */ = {isa = PBXBuildFile; fileRef = DBE3A0CD204E8C02000D454B /* CMMyMusicVC.swift */; };
		DBE3A0D0204E8C17000D454B /* CMFriendVC.swift in Sources */ = {isa = PBXBuildFile; fileRef = DBE3A0CF204E8C17000D454B /* CMFriendVC.swift */; };
		DBE3A0D2204E8C2C000D454B /* CMAccountVC.swift in Sources */ = {isa = PBXBuildFile; fileRef = DBE3A0D1204E8C2C000D454B /* CMAccountVC.swift */; };
		DBE3A0D9204E91B4000D454B /* CMWelcomeVC.swift in Sources */ = {isa = PBXBuildFile; fileRef = DBE3A0D8204E91B4000D454B /* CMWelcomeVC.swift */; };
		DBE3A0DB204E94BF000D454B /* CMGuideView.swift in Sources */ = {isa = PBXBuildFile; fileRef = DBE3A0DA204E94BF000D454B /* CMGuideView.swift */; };
		DBE3A0DD204E9684000D454B /* CMKeys.swift in Sources */ = {isa = PBXBuildFile; fileRef = DBE3A0DC204E9684000D454B /* CMKeys.swift */; };
/* End PBXBuildFile section */

/* Begin PBXContainerItemProxy section */
		DB89E3A1204CEF9100E5EF57 /* PBXContainerItemProxy */ = {
			isa = PBXContainerItemProxy;
			containerPortal = DB89E381204CEF9100E5EF57 /* Project object */;
			proxyType = 1;
			remoteGlobalIDString = DB89E388204CEF9100E5EF57;
			remoteInfo = CloudMusic;
		};
		DB89E3AC204CEF9100E5EF57 /* PBXContainerItemProxy */ = {
			isa = PBXContainerItemProxy;
			containerPortal = DB89E381204CEF9100E5EF57 /* Project object */;
			proxyType = 1;
			remoteGlobalIDString = DB89E388204CEF9100E5EF57;
			remoteInfo = CloudMusic;
		};
/* End PBXContainerItemProxy section */

/* Begin PBXFileReference section */
		9623AA54B11ED042EDE062B9 /* Pods_CloudMusic.framework */ = {isa = PBXFileReference; explicitFileType = wrapper.framework; includeInIndex = 0; path = Pods_CloudMusic.framework; sourceTree = BUILT_PRODUCTS_DIR; };
		A4CCB7314F919CA1772EAD03 /* Pods-CloudMusic.release.xcconfig */ = {isa = PBXFileReference; includeInIndex = 1; lastKnownFileType = text.xcconfig; name = "Pods-CloudMusic.release.xcconfig"; path = "Pods/Target Support Files/Pods-CloudMusic/Pods-CloudMusic.release.xcconfig"; sourceTree = "<group>"; };
		DB89E389204CEF9100E5EF57 /* CloudMusic.app */ = {isa = PBXFileReference; explicitFileType = wrapper.application; includeInIndex = 0; path = CloudMusic.app; sourceTree = BUILT_PRODUCTS_DIR; };
		DB89E38C204CEF9100E5EF57 /* AppDelegate.swift */ = {isa = PBXFileReference; lastKnownFileType = sourcecode.swift; path = AppDelegate.swift; sourceTree = "<group>"; };
		DB89E394204CEF9100E5EF57 /* CloudMusic.xcdatamodel */ = {isa = PBXFileReference; lastKnownFileType = wrapper.xcdatamodel; path = CloudMusic.xcdatamodel; sourceTree = "<group>"; };
		DB89E396204CEF9100E5EF57 /* Assets.xcassets */ = {isa = PBXFileReference; lastKnownFileType = folder.assetcatalog; path = Assets.xcassets; sourceTree = "<group>"; };
		DB89E39B204CEF9100E5EF57 /* Info.plist */ = {isa = PBXFileReference; lastKnownFileType = text.plist.xml; path = Info.plist; sourceTree = "<group>"; };
		DB89E3A0204CEF9100E5EF57 /* CloudMusicTests.xctest */ = {isa = PBXFileReference; explicitFileType = wrapper.cfbundle; includeInIndex = 0; path = CloudMusicTests.xctest; sourceTree = BUILT_PRODUCTS_DIR; };
		DB89E3A4204CEF9100E5EF57 /* CloudMusicTests.swift */ = {isa = PBXFileReference; lastKnownFileType = sourcecode.swift; path = CloudMusicTests.swift; sourceTree = "<group>"; };
		DB89E3A6204CEF9100E5EF57 /* Info.plist */ = {isa = PBXFileReference; lastKnownFileType = text.plist.xml; path = Info.plist; sourceTree = "<group>"; };
		DB89E3AB204CEF9100E5EF57 /* CloudMusicUITests.xctest */ = {isa = PBXFileReference; explicitFileType = wrapper.cfbundle; includeInIndex = 0; path = CloudMusicUITests.xctest; sourceTree = BUILT_PRODUCTS_DIR; };
		DB89E3AF204CEF9100E5EF57 /* CloudMusicUITests.swift */ = {isa = PBXFileReference; lastKnownFileType = sourcecode.swift; path = CloudMusicUITests.swift; sourceTree = "<group>"; };
		DB89E3B1204CEF9100E5EF57 /* Info.plist */ = {isa = PBXFileReference; lastKnownFileType = text.plist.xml; path = Info.plist; sourceTree = "<group>"; };
		DBD05F7E204F8BA900D1911D /* Config.swift */ = {isa = PBXFileReference; lastKnownFileType = sourcecode.swift; path = Config.swift; sourceTree = "<group>"; };
		DBD05F81204FB72200D1911D /* CMExtension.swift */ = {isa = PBXFileReference; lastKnownFileType = sourcecode.swift; path = CMExtension.swift; sourceTree = "<group>"; };
		DBE3A0B3204E8945000D454B /* CMBaseNavigationController.swift */ = {isa = PBXFileReference; lastKnownFileType = sourcecode.swift; path = CMBaseNavigationController.swift; sourceTree = "<group>"; };
		DBE3A0C9204E8B88000D454B /* CMBaseVC.swift */ = {isa = PBXFileReference; lastKnownFileType = sourcecode.swift; path = CMBaseVC.swift; sourceTree = "<group>"; };
		DBE3A0CB204E8BC3000D454B /* CMFindMusicVC.swift */ = {isa = PBXFileReference; lastKnownFileType = sourcecode.swift; path = CMFindMusicVC.swift; sourceTree = "<group>"; };
		DBE3A0CD204E8C02000D454B /* CMMyMusicVC.swift */ = {isa = PBXFileReference; lastKnownFileType = sourcecode.swift; path = CMMyMusicVC.swift; sourceTree = "<group>"; };
		DBE3A0CF204E8C17000D454B /* CMFriendVC.swift */ = {isa = PBXFileReference; lastKnownFileType = sourcecode.swift; path = CMFriendVC.swift; sourceTree = "<group>"; };
		DBE3A0D1204E8C2C000D454B /* CMAccountVC.swift */ = {isa = PBXFileReference; lastKnownFileType = sourcecode.swift; path = CMAccountVC.swift; sourceTree = "<group>"; };
		DBE3A0D8204E91B4000D454B /* CMWelcomeVC.swift */ = {isa = PBXFileReference; lastKnownFileType = sourcecode.swift; path = CMWelcomeVC.swift; sourceTree = "<group>"; };
		DBE3A0DA204E94BF000D454B /* CMGuideView.swift */ = {isa = PBXFileReference; lastKnownFileType = sourcecode.swift; path = CMGuideView.swift; sourceTree = "<group>"; };
		DBE3A0DC204E9684000D454B /* CMKeys.swift */ = {isa = PBXFileReference; lastKnownFileType = sourcecode.swift; path = CMKeys.swift; sourceTree = "<group>"; };
		F3771DA1C3B7073BE3D372A0 /* Pods-CloudMusic.debug.xcconfig */ = {isa = PBXFileReference; includeInIndex = 1; lastKnownFileType = text.xcconfig; name = "Pods-CloudMusic.debug.xcconfig"; path = "Pods/Target Support Files/Pods-CloudMusic/Pods-CloudMusic.debug.xcconfig"; sourceTree = "<group>"; };
/* End PBXFileReference section */

/* Begin PBXFrameworksBuildPhase section */
		DB89E386204CEF9100E5EF57 /* Frameworks */ = {
			isa = PBXFrameworksBuildPhase;
			buildActionMask = 2147483647;
			files = (
				9E63A1D03C9185579D4B2A74 /* Pods_CloudMusic.framework in Frameworks */,
			);
			runOnlyForDeploymentPostprocessing = 0;
		};
		DB89E39D204CEF9100E5EF57 /* Frameworks */ = {
			isa = PBXFrameworksBuildPhase;
			buildActionMask = 2147483647;
			files = (
			);
			runOnlyForDeploymentPostprocessing = 0;
		};
		DB89E3A8204CEF9100E5EF57 /* Frameworks */ = {
			isa = PBXFrameworksBuildPhase;
			buildActionMask = 2147483647;
			files = (
			);
			runOnlyForDeploymentPostprocessing = 0;
		};
/* End PBXFrameworksBuildPhase section */

/* Begin PBXGroup section */
		213D5642B59AA708554CED6A /* Pods */ = {
			isa = PBXGroup;
			children = (
				F3771DA1C3B7073BE3D372A0 /* Pods-CloudMusic.debug.xcconfig */,
				A4CCB7314F919CA1772EAD03 /* Pods-CloudMusic.release.xcconfig */,
			);
			name = Pods;
			sourceTree = "<group>";
		};
		52AEAC5E121614B3D1C62C72 /* Frameworks */ = {
			isa = PBXGroup;
			children = (
				9623AA54B11ED042EDE062B9 /* Pods_CloudMusic.framework */,
			);
			name = Frameworks;
			sourceTree = "<group>";
		};
		DB89E380204CEF9100E5EF57 = {
			isa = PBXGroup;
			children = (
				DB89E38B204CEF9100E5EF57 /* CloudMusic */,
				DB89E3A3204CEF9100E5EF57 /* CloudMusicTests */,
				DB89E3AE204CEF9100E5EF57 /* CloudMusicUITests */,
				DB89E38A204CEF9100E5EF57 /* Products */,
				213D5642B59AA708554CED6A /* Pods */,
				52AEAC5E121614B3D1C62C72 /* Frameworks */,
			);
			sourceTree = "<group>";
			usesTabs = 0;
		};
		DB89E38A204CEF9100E5EF57 /* Products */ = {
			isa = PBXGroup;
			children = (
				DB89E389204CEF9100E5EF57 /* CloudMusic.app */,
				DB89E3A0204CEF9100E5EF57 /* CloudMusicTests.xctest */,
				DB89E3AB204CEF9100E5EF57 /* CloudMusicUITests.xctest */,
			);
			name = Products;
			sourceTree = "<group>";
		};
		DB89E38B204CEF9100E5EF57 /* CloudMusic */ = {
			isa = PBXGroup;
			children = (
				DBE3A0C4204E8A6F000D454B /* Account */,
				DBE3A0BF204E8A69000D454B /* Friends */,
				DBE3A0BA204E8A62000D454B /* MyMusic */,
				DBE3A0B5204E8A56000D454B /* FindMusic */,
				DBE3A0D3204E9160000D454B /* Welcome */,
				DBD05F80204FB6C100D1911D /* Extension */,
				DBD05F7D204F8B7400D1911D /* Constant */,
				DBE3A0B2204E88C6000D454B /* Base */,
				DB89E396204CEF9100E5EF57 /* Assets.xcassets */,
				DB89E39B204CEF9100E5EF57 /* Info.plist */,
				DB89E393204CEF9100E5EF57 /* CloudMusic.xcdatamodeld */,
			);
			path = CloudMusic;
			sourceTree = "<group>";
		};
		DB89E3A3204CEF9100E5EF57 /* CloudMusicTests */ = {
			isa = PBXGroup;
			children = (
				DB89E3A4204CEF9100E5EF57 /* CloudMusicTests.swift */,
				DB89E3A6204CEF9100E5EF57 /* Info.plist */,
			);
			path = CloudMusicTests;
			sourceTree = "<group>";
		};
		DB89E3AE204CEF9100E5EF57 /* CloudMusicUITests */ = {
			isa = PBXGroup;
			children = (
				DB89E3AF204CEF9100E5EF57 /* CloudMusicUITests.swift */,
				DB89E3B1204CEF9100E5EF57 /* Info.plist */,
			);
			path = CloudMusicUITests;
			sourceTree = "<group>";
		};
		DBD05F7D204F8B7400D1911D /* Constant */ = {
			isa = PBXGroup;
			children = (
				DBD05F7E204F8BA900D1911D /* Config.swift */,
			);
			path = Constant;
			sourceTree = "<group>";
		};
		DBD05F80204FB6C100D1911D /* Extension */ = {
			isa = PBXGroup;
			children = (
				DBD05F81204FB72200D1911D /* CMExtension.swift */,
			);
			path = Extension;
			sourceTree = "<group>";
		};
		DBE3A0B2204E88C6000D454B /* Base */ = {
			isa = PBXGroup;
			children = (
				DB89E38C204CEF9100E5EF57 /* AppDelegate.swift */,
				DBE3A0B3204E8945000D454B /* CMBaseNavigationController.swift */,
				DBE3A0C9204E8B88000D454B /* CMBaseVC.swift */,
				DBE3A0DC204E9684000D454B /* CMKeys.swift */,
			);
			path = Base;
			sourceTree = "<group>";
		};
		DBE3A0B5204E8A56000D454B /* FindMusic */ = {
			isa = PBXGroup;
			children = (
				DBE3A0B6204E8A56000D454B /* Model */,
				DBE3A0B7204E8A56000D454B /* VC */,
				DBE3A0B8204E8A56000D454B /* View */,
				DBE3A0B9204E8A56000D454B /* VM */,
			);
			path = FindMusic;
			sourceTree = "<group>";
		};
		DBE3A0B6204E8A56000D454B /* Model */ = {
			isa = PBXGroup;
			children = (
			);
			path = Model;
			sourceTree = "<group>";
		};
		DBE3A0B7204E8A56000D454B /* VC */ = {
			isa = PBXGroup;
			children = (
				DBE3A0CB204E8BC3000D454B /* CMFindMusicVC.swift */,
			);
			path = VC;
			sourceTree = "<group>";
		};
		DBE3A0B8204E8A56000D454B /* View */ = {
			isa = PBXGroup;
			children = (
			);
			path = View;
			sourceTree = "<group>";
		};
		DBE3A0B9204E8A56000D454B /* VM */ = {
			isa = PBXGroup;
			children = (
			);
			path = VM;
			sourceTree = "<group>";
		};
		DBE3A0BA204E8A62000D454B /* MyMusic */ = {
			isa = PBXGroup;
			children = (
				DBE3A0BB204E8A62000D454B /* Model */,
				DBE3A0BC204E8A62000D454B /* VC */,
				DBE3A0BD204E8A62000D454B /* View */,
				DBE3A0BE204E8A62000D454B /* VM */,
			);
			path = MyMusic;
			sourceTree = "<group>";
		};
		DBE3A0BB204E8A62000D454B /* Model */ = {
			isa = PBXGroup;
			children = (
			);
			path = Model;
			sourceTree = "<group>";
		};
		DBE3A0BC204E8A62000D454B /* VC */ = {
			isa = PBXGroup;
			children = (
				DBE3A0CD204E8C02000D454B /* CMMyMusicVC.swift */,
			);
			path = VC;
			sourceTree = "<group>";
		};
		DBE3A0BD204E8A62000D454B /* View */ = {
			isa = PBXGroup;
			children = (
			);
			path = View;
			sourceTree = "<group>";
		};
		DBE3A0BE204E8A62000D454B /* VM */ = {
			isa = PBXGroup;
			children = (
			);
			path = VM;
			sourceTree = "<group>";
		};
		DBE3A0BF204E8A69000D454B /* Friends */ = {
			isa = PBXGroup;
			children = (
				DBE3A0C0204E8A69000D454B /* Model */,
				DBE3A0C1204E8A69000D454B /* VC */,
				DBE3A0C2204E8A69000D454B /* View */,
				DBE3A0C3204E8A69000D454B /* VM */,
			);
			path = Friends;
			sourceTree = "<group>";
		};
		DBE3A0C0204E8A69000D454B /* Model */ = {
			isa = PBXGroup;
			children = (
			);
			path = Model;
			sourceTree = "<group>";
		};
		DBE3A0C1204E8A69000D454B /* VC */ = {
			isa = PBXGroup;
			children = (
				DBE3A0CF204E8C17000D454B /* CMFriendVC.swift */,
			);
			path = VC;
			sourceTree = "<group>";
		};
		DBE3A0C2204E8A69000D454B /* View */ = {
			isa = PBXGroup;
			children = (
			);
			path = View;
			sourceTree = "<group>";
		};
		DBE3A0C3204E8A69000D454B /* VM */ = {
			isa = PBXGroup;
			children = (
			);
			path = VM;
			sourceTree = "<group>";
		};
		DBE3A0C4204E8A6F000D454B /* Account */ = {
			isa = PBXGroup;
			children = (
				DBE3A0C5204E8A6F000D454B /* Model */,
				DBE3A0C6204E8A6F000D454B /* VC */,
				DBE3A0C7204E8A6F000D454B /* View */,
				DBE3A0C8204E8A6F000D454B /* VM */,
			);
			path = Account;
			sourceTree = "<group>";
		};
		DBE3A0C5204E8A6F000D454B /* Model */ = {
			isa = PBXGroup;
			children = (
			);
			path = Model;
			sourceTree = "<group>";
		};
		DBE3A0C6204E8A6F000D454B /* VC */ = {
			isa = PBXGroup;
			children = (
				DBE3A0D1204E8C2C000D454B /* CMAccountVC.swift */,
			);
			path = VC;
			sourceTree = "<group>";
		};
		DBE3A0C7204E8A6F000D454B /* View */ = {
			isa = PBXGroup;
			children = (
			);
			path = View;
			sourceTree = "<group>";
		};
		DBE3A0C8204E8A6F000D454B /* VM */ = {
			isa = PBXGroup;
			children = (
			);
			path = VM;
			sourceTree = "<group>";
		};
		DBE3A0D3204E9160000D454B /* Welcome */ = {
			isa = PBXGroup;
			children = (
				DBE3A0D4204E9160000D454B /* Model */,
				DBE3A0D5204E9160000D454B /* VC */,
				DBE3A0D6204E9160000D454B /* View */,
				DBE3A0D7204E9160000D454B /* VM */,
			);
			path = Welcome;
			sourceTree = "<group>";
		};
		DBE3A0D4204E9160000D454B /* Model */ = {
			isa = PBXGroup;
			children = (
			);
			path = Model;
			sourceTree = "<group>";
		};
		DBE3A0D5204E9160000D454B /* VC */ = {
			isa = PBXGroup;
			children = (
				DBE3A0D8204E91B4000D454B /* CMWelcomeVC.swift */,
			);
			path = VC;
			sourceTree = "<group>";
		};
		DBE3A0D6204E9160000D454B /* View */ = {
			isa = PBXGroup;
			children = (
				DBE3A0DA204E94BF000D454B /* CMGuideView.swift */,
			);
			path = View;
			sourceTree = "<group>";
		};
		DBE3A0D7204E9160000D454B /* VM */ = {
			isa = PBXGroup;
			children = (
			);
			path = VM;
			sourceTree = "<group>";
		};
/* End PBXGroup section */

/* Begin PBXNativeTarget section */
		DB89E388204CEF9100E5EF57 /* CloudMusic */ = {
			isa = PBXNativeTarget;
			buildConfigurationList = DB89E3B4204CEF9100E5EF57 /* Build configuration list for PBXNativeTarget "CloudMusic" */;
			buildPhases = (
				CB011A92E38ED85F254F19BA /* [CP] Check Pods Manifest.lock */,
				DB89E385204CEF9100E5EF57 /* Sources */,
				DB89E386204CEF9100E5EF57 /* Frameworks */,
				DB89E387204CEF9100E5EF57 /* Resources */,
				F0A3B0432F9FCAE6BDC29074 /* [CP] Embed Pods Frameworks */,
				4AE5E27F251A930953484629 /* [CP] Copy Pods Resources */,
			);
			buildRules = (
			);
			dependencies = (
			);
			name = CloudMusic;
			productName = CloudMusic;
			productReference = DB89E389204CEF9100E5EF57 /* CloudMusic.app */;
			productType = "com.apple.product-type.application";
		};
		DB89E39F204CEF9100E5EF57 /* CloudMusicTests */ = {
			isa = PBXNativeTarget;
			buildConfigurationList = DB89E3B7204CEF9100E5EF57 /* Build configuration list for PBXNativeTarget "CloudMusicTests" */;
			buildPhases = (
				DB89E39C204CEF9100E5EF57 /* Sources */,
				DB89E39D204CEF9100E5EF57 /* Frameworks */,
				DB89E39E204CEF9100E5EF57 /* Resources */,
			);
			buildRules = (
			);
			dependencies = (
				DB89E3A2204CEF9100E5EF57 /* PBXTargetDependency */,
			);
			name = CloudMusicTests;
			productName = CloudMusicTests;
			productReference = DB89E3A0204CEF9100E5EF57 /* CloudMusicTests.xctest */;
			productType = "com.apple.product-type.bundle.unit-test";
		};
		DB89E3AA204CEF9100E5EF57 /* CloudMusicUITests */ = {
			isa = PBXNativeTarget;
			buildConfigurationList = DB89E3BA204CEF9100E5EF57 /* Build configuration list for PBXNativeTarget "CloudMusicUITests" */;
			buildPhases = (
				DB89E3A7204CEF9100E5EF57 /* Sources */,
				DB89E3A8204CEF9100E5EF57 /* Frameworks */,
				DB89E3A9204CEF9100E5EF57 /* Resources */,
			);
			buildRules = (
			);
			dependencies = (
				DB89E3AD204CEF9100E5EF57 /* PBXTargetDependency */,
			);
			name = CloudMusicUITests;
			productName = CloudMusicUITests;
			productReference = DB89E3AB204CEF9100E5EF57 /* CloudMusicUITests.xctest */;
			productType = "com.apple.product-type.bundle.ui-testing";
		};
/* End PBXNativeTarget section */

/* Begin PBXProject section */
		DB89E381204CEF9100E5EF57 /* Project object */ = {
			isa = PBXProject;
			attributes = {
				LastSwiftUpdateCheck = 0910;
				LastUpgradeCheck = 0910;
				ORGANIZATIONNAME = LQF;
				TargetAttributes = {
					DB89E388204CEF9100E5EF57 = {
						CreatedOnToolsVersion = 9.1;
						ProvisioningStyle = Automatic;
					};
					DB89E39F204CEF9100E5EF57 = {
						CreatedOnToolsVersion = 9.1;
						ProvisioningStyle = Automatic;
						TestTargetID = DB89E388204CEF9100E5EF57;
					};
					DB89E3AA204CEF9100E5EF57 = {
						CreatedOnToolsVersion = 9.1;
						ProvisioningStyle = Automatic;
						TestTargetID = DB89E388204CEF9100E5EF57;
					};
				};
			};
			buildConfigurationList = DB89E384204CEF9100E5EF57 /* Build configuration list for PBXProject "CloudMusic" */;
			compatibilityVersion = "Xcode 8.0";
			developmentRegion = en;
			hasScannedForEncodings = 0;
			knownRegions = (
				en,
				Base,
			);
			mainGroup = DB89E380204CEF9100E5EF57;
			productRefGroup = DB89E38A204CEF9100E5EF57 /* Products */;
			projectDirPath = "";
			projectRoot = "";
			targets = (
				DB89E388204CEF9100E5EF57 /* CloudMusic */,
				DB89E39F204CEF9100E5EF57 /* CloudMusicTests */,
				DB89E3AA204CEF9100E5EF57 /* CloudMusicUITests */,
			);
		};
/* End PBXProject section */

/* Begin PBXResourcesBuildPhase section */
		DB89E387204CEF9100E5EF57 /* Resources */ = {
			isa = PBXResourcesBuildPhase;
			buildActionMask = 2147483647;
			files = (
				DB89E397204CEF9100E5EF57 /* Assets.xcassets in Resources */,
			);
			runOnlyForDeploymentPostprocessing = 0;
		};
		DB89E39E204CEF9100E5EF57 /* Resources */ = {
			isa = PBXResourcesBuildPhase;
			buildActionMask = 2147483647;
			files = (
			);
			runOnlyForDeploymentPostprocessing = 0;
		};
		DB89E3A9204CEF9100E5EF57 /* Resources */ = {
			isa = PBXResourcesBuildPhase;
			buildActionMask = 2147483647;
			files = (
			);
			runOnlyForDeploymentPostprocessing = 0;
		};
/* End PBXResourcesBuildPhase section */

/* Begin PBXShellScriptBuildPhase section */
		4AE5E27F251A930953484629 /* [CP] Copy Pods Resources */ = {
			isa = PBXShellScriptBuildPhase;
			buildActionMask = 2147483647;
			files = (
			);
			inputPaths = (
			);
			name = "[CP] Copy Pods Resources";
			outputPaths = (
			);
			runOnlyForDeploymentPostprocessing = 0;
			shellPath = /bin/sh;
			shellScript = "\"${SRCROOT}/Pods/Target Support Files/Pods-CloudMusic/Pods-CloudMusic-resources.sh\"\n";
			showEnvVarsInLog = 0;
		};
		CB011A92E38ED85F254F19BA /* [CP] Check Pods Manifest.lock */ = {
			isa = PBXShellScriptBuildPhase;
			buildActionMask = 2147483647;
			files = (
			);
			inputPaths = (
			);
			name = "[CP] Check Pods Manifest.lock";
			outputPaths = (
			);
			runOnlyForDeploymentPostprocessing = 0;
			shellPath = /bin/sh;
			shellScript = "diff \"${PODS_PODFILE_DIR_PATH}/Podfile.lock\" \"${PODS_ROOT}/Manifest.lock\" > /dev/null\nif [ $? != 0 ] ; then\n    # print error to STDERR\n    echo \"error: The sandbox is not in sync with the Podfile.lock. Run 'pod install' or update your CocoaPods installation.\" >&2\n    exit 1\nfi\n";
			showEnvVarsInLog = 0;
		};
		F0A3B0432F9FCAE6BDC29074 /* [CP] Embed Pods Frameworks */ = {
			isa = PBXShellScriptBuildPhase;
			buildActionMask = 2147483647;
			files = (
			);
			inputPaths = (
			);
			name = "[CP] Embed Pods Frameworks";
			outputPaths = (
			);
			runOnlyForDeploymentPostprocessing = 0;
			shellPath = /bin/sh;
			shellScript = "\"${SRCROOT}/Pods/Target Support Files/Pods-CloudMusic/Pods-CloudMusic-frameworks.sh\"\n";
			showEnvVarsInLog = 0;
		};
/* End PBXShellScriptBuildPhase section */

/* Begin PBXSourcesBuildPhase section */
		DB89E385204CEF9100E5EF57 /* Sources */ = {
			isa = PBXSourcesBuildPhase;
			buildActionMask = 2147483647;
			files = (
				DB89E395204CEF9100E5EF57 /* CloudMusic.xcdatamodeld in Sources */,
				DBE3A0DB204E94BF000D454B /* CMGuideView.swift in Sources */,
				DBE3A0CC204E8BC3000D454B /* CMFindMusicVC.swift in Sources */,
				DBE3A0D2204E8C2C000D454B /* CMAccountVC.swift in Sources */,
				DBE3A0DD204E9684000D454B /* CMKeys.swift in Sources */,
				DBD05F7F204F8BA900D1911D /* Config.swift in Sources */,
				DBE3A0D0204E8C17000D454B /* CMFriendVC.swift in Sources */,
				DBE3A0D9204E91B4000D454B /* CMWelcomeVC.swift in Sources */,
				DBE3A0CA204E8B88000D454B /* CMBaseVC.swift in Sources */,
				DBD05F82204FB72200D1911D /* CMExtension.swift in Sources */,
				DB89E38D204CEF9100E5EF57 /* AppDelegate.swift in Sources */,
				DBE3A0CE204E8C02000D454B /* CMMyMusicVC.swift in Sources */,
				DBE3A0B4204E8945000D454B /* CMBaseNavigationController.swift in Sources */,
			);
			runOnlyForDeploymentPostprocessing = 0;
		};
		DB89E39C204CEF9100E5EF57 /* Sources */ = {
			isa = PBXSourcesBuildPhase;
			buildActionMask = 2147483647;
			files = (
				DB89E3A5204CEF9100E5EF57 /* CloudMusicTests.swift in Sources */,
			);
			runOnlyForDeploymentPostprocessing = 0;
		};
		DB89E3A7204CEF9100E5EF57 /* Sources */ = {
			isa = PBXSourcesBuildPhase;
			buildActionMask = 2147483647;
			files = (
				DB89E3B0204CEF9100E5EF57 /* CloudMusicUITests.swift in Sources */,
			);
			runOnlyForDeploymentPostprocessing = 0;
		};
/* End PBXSourcesBuildPhase section */

/* Begin PBXTargetDependency section */
		DB89E3A2204CEF9100E5EF57 /* PBXTargetDependency */ = {
			isa = PBXTargetDependency;
			target = DB89E388204CEF9100E5EF57 /* CloudMusic */;
			targetProxy = DB89E3A1204CEF9100E5EF57 /* PBXContainerItemProxy */;
		};
		DB89E3AD204CEF9100E5EF57 /* PBXTargetDependency */ = {
			isa = PBXTargetDependency;
			target = DB89E388204CEF9100E5EF57 /* CloudMusic */;
			targetProxy = DB89E3AC204CEF9100E5EF57 /* PBXContainerItemProxy */;
		};
/* End PBXTargetDependency section */

/* Begin XCBuildConfiguration section */
		DB89E3B2204CEF9100E5EF57 /* Debug */ = {
			isa = XCBuildConfiguration;
			buildSettings = {
				ALWAYS_SEARCH_USER_PATHS = NO;
				CLANG_ANALYZER_NONNULL = YES;
				CLANG_ANALYZER_NUMBER_OBJECT_CONVERSION = YES_AGGRESSIVE;
				CLANG_CXX_LANGUAGE_STANDARD = "gnu++14";
				CLANG_CXX_LIBRARY = "libc++";
				CLANG_ENABLE_MODULES = YES;
				CLANG_ENABLE_OBJC_ARC = YES;
				CLANG_WARN_BLOCK_CAPTURE_AUTORELEASING = YES;
				CLANG_WARN_BOOL_CONVERSION = YES;
				CLANG_WARN_COMMA = YES;
				CLANG_WARN_CONSTANT_CONVERSION = YES;
				CLANG_WARN_DIRECT_OBJC_ISA_USAGE = YES_ERROR;
				CLANG_WARN_DOCUMENTATION_COMMENTS = YES;
				CLANG_WARN_EMPTY_BODY = YES;
				CLANG_WARN_ENUM_CONVERSION = YES;
				CLANG_WARN_INFINITE_RECURSION = YES;
				CLANG_WARN_INT_CONVERSION = YES;
				CLANG_WARN_NON_LITERAL_NULL_CONVERSION = YES;
				CLANG_WARN_OBJC_LITERAL_CONVERSION = YES;
				CLANG_WARN_OBJC_ROOT_CLASS = YES_ERROR;
				CLANG_WARN_RANGE_LOOP_ANALYSIS = YES;
				CLANG_WARN_STRICT_PROTOTYPES = YES;
				CLANG_WARN_SUSPICIOUS_MOVE = YES;
				CLANG_WARN_UNGUARDED_AVAILABILITY = YES_AGGRESSIVE;
				CLANG_WARN_UNREACHABLE_CODE = YES;
				CLANG_WARN__DUPLICATE_METHOD_MATCH = YES;
				CODE_SIGN_IDENTITY = "iPhone Developer";
				COPY_PHASE_STRIP = NO;
				DEBUG_INFORMATION_FORMAT = dwarf;
				ENABLE_STRICT_OBJC_MSGSEND = YES;
				ENABLE_TESTABILITY = YES;
				GCC_C_LANGUAGE_STANDARD = gnu11;
				GCC_DYNAMIC_NO_PIC = NO;
				GCC_NO_COMMON_BLOCKS = YES;
				GCC_OPTIMIZATION_LEVEL = 0;
				GCC_PREPROCESSOR_DEFINITIONS = (
					"DEBUG=1",
					"$(inherited)",
				);
				GCC_WARN_64_TO_32_BIT_CONVERSION = YES;
				GCC_WARN_ABOUT_RETURN_TYPE = YES_ERROR;
				GCC_WARN_UNDECLARED_SELECTOR = YES;
				GCC_WARN_UNINITIALIZED_AUTOS = YES_AGGRESSIVE;
				GCC_WARN_UNUSED_FUNCTION = YES;
				GCC_WARN_UNUSED_VARIABLE = YES;
				IPHONEOS_DEPLOYMENT_TARGET = 11.1;
				MTL_ENABLE_DEBUG_INFO = YES;
				ONLY_ACTIVE_ARCH = YES;
				SDKROOT = iphoneos;
				SWIFT_ACTIVE_COMPILATION_CONDITIONS = DEBUG;
				SWIFT_OPTIMIZATION_LEVEL = "-Onone";
			};
			name = Debug;
		};
		DB89E3B3204CEF9100E5EF57 /* Release */ = {
			isa = XCBuildConfiguration;
			buildSettings = {
				ALWAYS_SEARCH_USER_PATHS = NO;
				CLANG_ANALYZER_NONNULL = YES;
				CLANG_ANALYZER_NUMBER_OBJECT_CONVERSION = YES_AGGRESSIVE;
				CLANG_CXX_LANGUAGE_STANDARD = "gnu++14";
				CLANG_CXX_LIBRARY = "libc++";
				CLANG_ENABLE_MODULES = YES;
				CLANG_ENABLE_OBJC_ARC = YES;
				CLANG_WARN_BLOCK_CAPTURE_AUTORELEASING = YES;
				CLANG_WARN_BOOL_CONVERSION = YES;
				CLANG_WARN_COMMA = YES;
				CLANG_WARN_CONSTANT_CONVERSION = YES;
				CLANG_WARN_DIRECT_OBJC_ISA_USAGE = YES_ERROR;
				CLANG_WARN_DOCUMENTATION_COMMENTS = YES;
				CLANG_WARN_EMPTY_BODY = YES;
				CLANG_WARN_ENUM_CONVERSION = YES;
				CLANG_WARN_INFINITE_RECURSION = YES;
				CLANG_WARN_INT_CONVERSION = YES;
				CLANG_WARN_NON_LITERAL_NULL_CONVERSION = YES;
				CLANG_WARN_OBJC_LITERAL_CONVERSION = YES;
				CLANG_WARN_OBJC_ROOT_CLASS = YES_ERROR;
				CLANG_WARN_RANGE_LOOP_ANALYSIS = YES;
				CLANG_WARN_STRICT_PROTOTYPES = YES;
				CLANG_WARN_SUSPICIOUS_MOVE = YES;
				CLANG_WARN_UNGUARDED_AVAILABILITY = YES_AGGRESSIVE;
				CLANG_WARN_UNREACHABLE_CODE = YES;
				CLANG_WARN__DUPLICATE_METHOD_MATCH = YES;
				CODE_SIGN_IDENTITY = "iPhone Developer";
				COPY_PHASE_STRIP = NO;
				DEBUG_INFORMATION_FORMAT = "dwarf-with-dsym";
				ENABLE_NS_ASSERTIONS = NO;
				ENABLE_STRICT_OBJC_MSGSEND = YES;
				GCC_C_LANGUAGE_STANDARD = gnu11;
				GCC_NO_COMMON_BLOCKS = YES;
				GCC_WARN_64_TO_32_BIT_CONVERSION = YES;
				GCC_WARN_ABOUT_RETURN_TYPE = YES_ERROR;
				GCC_WARN_UNDECLARED_SELECTOR = YES;
				GCC_WARN_UNINITIALIZED_AUTOS = YES_AGGRESSIVE;
				GCC_WARN_UNUSED_FUNCTION = YES;
				GCC_WARN_UNUSED_VARIABLE = YES;
				IPHONEOS_DEPLOYMENT_TARGET = 11.1;
				MTL_ENABLE_DEBUG_INFO = NO;
				SDKROOT = iphoneos;
				SWIFT_OPTIMIZATION_LEVEL = "-Owholemodule";
				VALIDATE_PRODUCT = YES;
			};
			name = Release;
		};
		DB89E3B5204CEF9100E5EF57 /* Debug */ = {
			isa = XCBuildConfiguration;
			baseConfigurationReference = F3771DA1C3B7073BE3D372A0 /* Pods-CloudMusic.debug.xcconfig */;
			buildSettings = {
				ASSETCATALOG_COMPILER_APPICON_NAME = AppIcon;
				ASSETCATALOG_COMPILER_LAUNCHIMAGE_NAME = LaunchImage;
				CODE_SIGN_STYLE = Automatic;
				DEVELOPMENT_TEAM = 69S36A93WW;
				INFOPLIST_FILE = CloudMusic/Info.plist;
				IPHONEOS_DEPLOYMENT_TARGET = 8.0;
				LD_RUNPATH_SEARCH_PATHS = "$(inherited) @executable_path/Frameworks";
				PRODUCT_BUNDLE_IDENTIFIER = com.liqunfei.CloudMusic;
				PRODUCT_NAME = "$(TARGET_NAME)";
				SWIFT_VERSION = 4.0;
				TARGETED_DEVICE_FAMILY = 1;
			};
			name = Debug;
		};
		DB89E3B6204CEF9100E5EF57 /* Release */ = {
			isa = XCBuildConfiguration;
			baseConfigurationReference = A4CCB7314F919CA1772EAD03 /* Pods-CloudMusic.release.xcconfig */;
			buildSettings = {
				ASSETCATALOG_COMPILER_APPICON_NAME = AppIcon;
				ASSETCATALOG_COMPILER_LAUNCHIMAGE_NAME = LaunchImage;
				CODE_SIGN_STYLE = Automatic;
				DEVELOPMENT_TEAM = 69S36A93WW;
				INFOPLIST_FILE = CloudMusic/Info.plist;
				IPHONEOS_DEPLOYMENT_TARGET = 8.0;
				LD_RUNPATH_SEARCH_PATHS = "$(inherited) @executable_path/Frameworks";
				PRODUCT_BUNDLE_IDENTIFIER = com.liqunfei.CloudMusic;
				PRODUCT_NAME = "$(TARGET_NAME)";
				SWIFT_VERSION = 4.0;
				TARGETED_DEVICE_FAMILY = 1;
			};
			name = Release;
		};
		DB89E3B8204CEF9100E5EF57 /* Debug */ = {
			isa = XCBuildConfiguration;
			buildSettings = {
				ALWAYS_EMBED_SWIFT_STANDARD_LIBRARIES = YES;
				BUNDLE_LOADER = "$(TEST_HOST)";
				CODE_SIGN_STYLE = Automatic;
				DEVELOPMENT_TEAM = 69S36A93WW;
				INFOPLIST_FILE = CloudMusicTests/Info.plist;
				LD_RUNPATH_SEARCH_PATHS = "$(inherited) @executable_path/Frameworks @loader_path/Frameworks";
				PRODUCT_BUNDLE_IDENTIFIER = com.liqunfei.CloudMusicTests;
				PRODUCT_NAME = "$(TARGET_NAME)";
				SWIFT_VERSION = 4.0;
				TARGETED_DEVICE_FAMILY = "1,2";
				TEST_HOST = "$(BUILT_PRODUCTS_DIR)/CloudMusic.app/CloudMusic";
			};
			name = Debug;
		};
		DB89E3B9204CEF9100E5EF57 /* Release */ = {
			isa = XCBuildConfiguration;
			buildSettings = {
				ALWAYS_EMBED_SWIFT_STANDARD_LIBRARIES = YES;
				BUNDLE_LOADER = "$(TEST_HOST)";
				CODE_SIGN_STYLE = Automatic;
				DEVELOPMENT_TEAM = 69S36A93WW;
				INFOPLIST_FILE = CloudMusicTests/Info.plist;
				LD_RUNPATH_SEARCH_PATHS = "$(inherited) @executable_path/Frameworks @loader_path/Frameworks";
				PRODUCT_BUNDLE_IDENTIFIER = com.liqunfei.CloudMusicTests;
				PRODUCT_NAME = "$(TARGET_NAME)";
				SWIFT_VERSION = 4.0;
				TARGETED_DEVICE_FAMILY = "1,2";
				TEST_HOST = "$(BUILT_PRODUCTS_DIR)/CloudMusic.app/CloudMusic";
			};
			name = Release;
		};
		DB89E3BB204CEF9100E5EF57 /* Debug */ = {
			isa = XCBuildConfiguration;
			buildSettings = {
				ALWAYS_EMBED_SWIFT_STANDARD_LIBRARIES = YES;
				CODE_SIGN_STYLE = Automatic;
				DEVELOPMENT_TEAM = 69S36A93WW;
				INFOPLIST_FILE = CloudMusicUITests/Info.plist;
				LD_RUNPATH_SEARCH_PATHS = "$(inherited) @executable_path/Frameworks @loader_path/Frameworks";
				PRODUCT_BUNDLE_IDENTIFIER = com.liqunfei.CloudMusicUITests;
				PRODUCT_NAME = "$(TARGET_NAME)";
				SWIFT_VERSION = 4.0;
				TARGETED_DEVICE_FAMILY = "1,2";
				TEST_TARGET_NAME = CloudMusic;
			};
			name = Debug;
		};
		DB89E3BC204CEF9100E5EF57 /* Release */ = {
			isa = XCBuildConfiguration;
			buildSettings = {
				ALWAYS_EMBED_SWIFT_STANDARD_LIBRARIES = YES;
				CODE_SIGN_STYLE = Automatic;
				DEVELOPMENT_TEAM = 69S36A93WW;
				INFOPLIST_FILE = CloudMusicUITests/Info.plist;
				LD_RUNPATH_SEARCH_PATHS = "$(inherited) @executable_path/Frameworks @loader_path/Frameworks";
				PRODUCT_BUNDLE_IDENTIFIER = com.liqunfei.CloudMusicUITests;
				PRODUCT_NAME = "$(TARGET_NAME)";
				SWIFT_VERSION = 4.0;
				TARGETED_DEVICE_FAMILY = "1,2";
				TEST_TARGET_NAME = CloudMusic;
			};
			name = Release;
		};
/* End XCBuildConfiguration section */

/* Begin XCConfigurationList section */
		DB89E384204CEF9100E5EF57 /* Build configuration list for PBXProject "CloudMusic" */ = {
			isa = XCConfigurationList;
			buildConfigurations = (
				DB89E3B2204CEF9100E5EF57 /* Debug */,
				DB89E3B3204CEF9100E5EF57 /* Release */,
			);
			defaultConfigurationIsVisible = 0;
			defaultConfigurationName = Release;
		};
		DB89E3B4204CEF9100E5EF57 /* Build configuration list for PBXNativeTarget "CloudMusic" */ = {
			isa = XCConfigurationList;
			buildConfigurations = (
				DB89E3B5204CEF9100E5EF57 /* Debug */,
				DB89E3B6204CEF9100E5EF57 /* Release */,
			);
			defaultConfigurationIsVisible = 0;
			defaultConfigurationName = Release;
		};
		DB89E3B7204CEF9100E5EF57 /* Build configuration list for PBXNativeTarget "CloudMusicTests" */ = {
			isa = XCConfigurationList;
			buildConfigurations = (
				DB89E3B8204CEF9100E5EF57 /* Debug */,
				DB89E3B9204CEF9100E5EF57 /* Release */,
			);
			defaultConfigurationIsVisible = 0;
			defaultConfigurationName = Release;
		};
		DB89E3BA204CEF9100E5EF57 /* Build configuration list for PBXNativeTarget "CloudMusicUITests" */ = {
			isa = XCConfigurationList;
			buildConfigurations = (
				DB89E3BB204CEF9100E5EF57 /* Debug */,
				DB89E3BC204CEF9100E5EF57 /* Release */,
			);
			defaultConfigurationIsVisible = 0;
			defaultConfigurationName = Release;
		};
/* End XCConfigurationList section */

/* Begin XCVersionGroup section */
		DB89E393204CEF9100E5EF57 /* CloudMusic.xcdatamodeld */ = {
			isa = XCVersionGroup;
			children = (
				DB89E394204CEF9100E5EF57 /* CloudMusic.xcdatamodel */,
			);
			currentVersion = DB89E394204CEF9100E5EF57 /* CloudMusic.xcdatamodel */;
			path = CloudMusic.xcdatamodeld;
			sourceTree = "<group>";
			versionGroupType = wrapper.xcdatamodel;
		};
/* End XCVersionGroup section */
	};
	rootObject = DB89E381204CEF9100E5EF57 /* Project object */;
}
